// !$*UTF8*$!
{
	archiveVersion = 1;
	classes = {
	};
	objectVersion = 50;
	objects = {

/* Begin PBXBuildFile section */
		DE48707F20FD6AAA00E48EE3 /* AppDelegate.swift in Sources */ = {isa = PBXBuildFile; fileRef = DE48707E20FD6AAA00E48EE3 /* AppDelegate.swift */; };
		DE48708120FD6AAA00E48EE3 /* ViewController.swift in Sources */ = {isa = PBXBuildFile; fileRef = DE48708020FD6AAA00E48EE3 /* ViewController.swift */; };
		DE48708320FD6AAC00E48EE3 /* Assets.xcassets in Resources */ = {isa = PBXBuildFile; fileRef = DE48708220FD6AAC00E48EE3 /* Assets.xcassets */; };
		DE48708620FD6AAC00E48EE3 /* Main.storyboard in Resources */ = {isa = PBXBuildFile; fileRef = DE48708420FD6AAC00E48EE3 /* Main.storyboard */; };
		DE6F050A20FDB61300D7FBB8 /* TextField.swift in Sources */ = {isa = PBXBuildFile; fileRef = DE6F050920FDB61300D7FBB8 /* TextField.swift */; };
		DE6F050C20FDD61400D7FBB8 /* Window.swift in Sources */ = {isa = PBXBuildFile; fileRef = DE6F050B20FDD61400D7FBB8 /* Window.swift */; };
		DE6F050E20FDE12000D7FBB8 /* ToDo in Resources */ = {isa = PBXBuildFile; fileRef = DE6F050D20FDE12000D7FBB8 /* ToDo */; };
		DE6F051020FDE33700D7FBB8 /* Button.swift in Sources */ = {isa = PBXBuildFile; fileRef = DE6F050F20FDE33700D7FBB8 /* Button.swift */; };
/* End PBXBuildFile section */

/* Begin PBXFileReference section */
		DE48707B20FD6AAA00E48EE3 /* Rule of Three.app */ = {isa = PBXFileReference; explicitFileType = wrapper.application; includeInIndex = 0; path = "Rule of Three.app"; sourceTree = BUILT_PRODUCTS_DIR; };
		DE48707E20FD6AAA00E48EE3 /* AppDelegate.swift */ = {isa = PBXFileReference; lastKnownFileType = sourcecode.swift; path = AppDelegate.swift; sourceTree = "<group>"; };
		DE48708020FD6AAA00E48EE3 /* ViewController.swift */ = {isa = PBXFileReference; lastKnownFileType = sourcecode.swift; path = ViewController.swift; sourceTree = "<group>"; };
		DE48708220FD6AAC00E48EE3 /* Assets.xcassets */ = {isa = PBXFileReference; lastKnownFileType = folder.assetcatalog; path = Assets.xcassets; sourceTree = "<group>"; };
		DE48708520FD6AAC00E48EE3 /* Base */ = {isa = PBXFileReference; lastKnownFileType = file.storyboard; name = Base; path = Base.lproj/Main.storyboard; sourceTree = "<group>"; };
		DE48708720FD6AAC00E48EE3 /* Info.plist */ = {isa = PBXFileReference; lastKnownFileType = text.plist.xml; path = Info.plist; sourceTree = "<group>"; };
		DE48708820FD6AAC00E48EE3 /* Rule_of_Three.entitlements */ = {isa = PBXFileReference; lastKnownFileType = text.plist.entitlements; path = Rule_of_Three.entitlements; sourceTree = "<group>"; };
		DE6F050920FDB61300D7FBB8 /* TextField.swift */ = {isa = PBXFileReference; lastKnownFileType = sourcecode.swift; path = TextField.swift; sourceTree = "<group>"; };
		DE6F050B20FDD61400D7FBB8 /* Window.swift */ = {isa = PBXFileReference; lastKnownFileType = sourcecode.swift; path = Window.swift; sourceTree = "<group>"; };
		DE6F050D20FDE12000D7FBB8 /* ToDo */ = {isa = PBXFileReference; lastKnownFileType = text; path = ToDo; sourceTree = "<group>"; };
		DE6F050F20FDE33700D7FBB8 /* Button.swift */ = {isa = PBXFileReference; lastKnownFileType = sourcecode.swift; path = Button.swift; sourceTree = "<group>"; };
/* End PBXFileReference section */

/* Begin PBXFrameworksBuildPhase section */
		DE48707820FD6AAA00E48EE3 /* Frameworks */ = {
			isa = PBXFrameworksBuildPhase;
			buildActionMask = 2147483647;
			files = (
			);
			runOnlyForDeploymentPostprocessing = 0;
		};
/* End PBXFrameworksBuildPhase section */

/* Begin PBXGroup section */
		DE48707220FD6AAA00E48EE3 = {
			isa = PBXGroup;
			children = (
				DE48707D20FD6AAA00E48EE3 /* Rule of Three */,
				DE48707C20FD6AAA00E48EE3 /* Products */,
			);
			sourceTree = "<group>";
		};
		DE48707C20FD6AAA00E48EE3 /* Products */ = {
			isa = PBXGroup;
			children = (
				DE48707B20FD6AAA00E48EE3 /* Rule of Three.app */,
			);
			name = Products;
			sourceTree = "<group>";
		};
		DE48707D20FD6AAA00E48EE3 /* Rule of Three */ = {
			isa = PBXGroup;
			children = (
				DE48707E20FD6AAA00E48EE3 /* AppDelegate.swift */,
				DE48708020FD6AAA00E48EE3 /* ViewController.swift */,
				DE48708220FD6AAC00E48EE3 /* Assets.xcassets */,
				DE48708420FD6AAC00E48EE3 /* Main.storyboard */,
				DE6F050B20FDD61400D7FBB8 /* Window.swift */,
				DE6F050920FDB61300D7FBB8 /* TextField.swift */,
				DE6F050D20FDE12000D7FBB8 /* ToDo */,
				DE6F050F20FDE33700D7FBB8 /* Button.swift */,
				DE48708720FD6AAC00E48EE3 /* Info.plist */,
				DE48708820FD6AAC00E48EE3 /* Rule_of_Three.entitlements */,
			);
			path = "Rule of Three";
			sourceTree = "<group>";
		};
/* End PBXGroup section */

/* Begin PBXNativeTarget section */
		DE48707A20FD6AAA00E48EE3 /* Rule of Three */ = {
			isa = PBXNativeTarget;
			buildConfigurationList = DE48708B20FD6AAC00E48EE3 /* Build configuration list for PBXNativeTarget "Rule of Three" */;
			buildPhases = (
				DE48707720FD6AAA00E48EE3 /* Sources */,
				DE48707820FD6AAA00E48EE3 /* Frameworks */,
				DE48707920FD6AAA00E48EE3 /* Resources */,
			);
			buildRules = (
			);
			dependencies = (
			);
			name = "Rule of Three";
			productName = "Rule of Three";
			productReference = DE48707B20FD6AAA00E48EE3 /* Rule of Three.app */;
			productType = "com.apple.product-type.application";
		};
/* End PBXNativeTarget section */

/* Begin PBXProject section */
		DE48707320FD6AAA00E48EE3 /* Project object */ = {
			isa = PBXProject;
			attributes = {
				LastSwiftUpdateCheck = 0940;
				LastUpgradeCheck = 0940;
				ORGANIZATIONNAME = "古賀ミッシェル";
				TargetAttributes = {
					DE48707A20FD6AAA00E48EE3 = {
						CreatedOnToolsVersion = 9.4.1;
					};
				};
			};
			buildConfigurationList = DE48707620FD6AAA00E48EE3 /* Build configuration list for PBXProject "Rule of Three" */;
			compatibilityVersion = "Xcode 9.3";
			developmentRegion = en;
			hasScannedForEncodings = 0;
			knownRegions = (
				en,
				Base,
			);
			mainGroup = DE48707220FD6AAA00E48EE3;
			productRefGroup = DE48707C20FD6AAA00E48EE3 /* Products */;
			projectDirPath = "";
			projectRoot = "";
			targets = (
				DE48707A20FD6AAA00E48EE3 /* Rule of Three */,
			);
		};
/* End PBXProject section */

/* Begin PBXResourcesBuildPhase section */
		DE48707920FD6AAA00E48EE3 /* Resources */ = {
			isa = PBXResourcesBuildPhase;
			buildActionMask = 2147483647;
			files = (
				DE48708320FD6AAC00E48EE3 /* Assets.xcassets in Resources */,
				DE48708620FD6AAC00E48EE3 /* Main.storyboard in Resources */,
				DE6F050E20FDE12000D7FBB8 /* ToDo in Resources */,
			);
			runOnlyForDeploymentPostprocessing = 0;
		};
/* End PBXResourcesBuildPhase section */

/* Begin PBXSourcesBuildPhase section */
		DE48707720FD6AAA00E48EE3 /* Sources */ = {
			isa = PBXSourcesBuildPhase;
			buildActionMask = 2147483647;
			files = (
				DE6F051020FDE33700D7FBB8 /* Button.swift in Sources */,
				DE6F050A20FDB61300D7FBB8 /* TextField.swift in Sources */,
				DE48708120FD6AAA00E48EE3 /* ViewController.swift in Sources */,
				DE48707F20FD6AAA00E48EE3 /* AppDelegate.swift in Sources */,
				DE6F050C20FDD61400D7FBB8 /* Window.swift in Sources */,
			);
			runOnlyForDeploymentPostprocessing = 0;
		};
/* End PBXSourcesBuildPhase section */

/* Begin PBXVariantGroup section */
		DE48708420FD6AAC00E48EE3 /* Main.storyboard */ = {
			isa = PBXVariantGroup;
			children = (
				DE48708520FD6AAC00E48EE3 /* Base */,
			);
			name = Main.storyboard;
			sourceTree = "<group>";
		};
/* End PBXVariantGroup section */

/* Begin XCBuildConfiguration section */
		DE48708920FD6AAC00E48EE3 /* Debug */ = {
			isa = XCBuildConfiguration;
			buildSettings = {
				ALWAYS_SEARCH_USER_PATHS = NO;
				CLANG_ANALYZER_NONNULL = YES;
				CLANG_ANALYZER_NUMBER_OBJECT_CONVERSION = YES_AGGRESSIVE;
				CLANG_CXX_LANGUAGE_STANDARD = "gnu++14";
				CLANG_CXX_LIBRARY = "libc++";
				CLANG_ENABLE_MODULES = YES;
				CLANG_ENABLE_OBJC_ARC = YES;
				CLANG_ENABLE_OBJC_WEAK = YES;
				CLANG_WARN_BLOCK_CAPTURE_AUTORELEASING = YES;
				CLANG_WARN_BOOL_CONVERSION = YES;
				CLANG_WARN_COMMA = YES;
				CLANG_WARN_CONSTANT_CONVERSION = YES;
				CLANG_WARN_DEPRECATED_OBJC_IMPLEMENTATIONS = YES;
				CLANG_WARN_DIRECT_OBJC_ISA_USAGE = YES_ERROR;
				CLANG_WARN_DOCUMENTATION_COMMENTS = YES;
				CLANG_WARN_EMPTY_BODY = YES;
				CLANG_WARN_ENUM_CONVERSION = YES;
				CLANG_WARN_INFINITE_RECURSION = YES;
				CLANG_WARN_INT_CONVERSION = YES;
				CLANG_WARN_NON_LITERAL_NULL_CONVERSION = YES;
				CLANG_WARN_OBJC_IMPLICIT_RETAIN_SELF = YES;
				CLANG_WARN_OBJC_LITERAL_CONVERSION = YES;
				CLANG_WARN_OBJC_ROOT_CLASS = YES_ERROR;
				CLANG_WARN_RANGE_LOOP_ANALYSIS = YES;
				CLANG_WARN_STRICT_PROTOTYPES = YES;
				CLANG_WARN_SUSPICIOUS_MOVE = YES;
				CLANG_WARN_UNGUARDED_AVAILABILITY = YES_AGGRESSIVE;
				CLANG_WARN_UNREACHABLE_CODE = YES;
				CLANG_WARN__DUPLICATE_METHOD_MATCH = YES;
				CODE_SIGN_IDENTITY = "Mac Developer";
				COPY_PHASE_STRIP = NO;
				DEBUG_INFORMATION_FORMAT = dwarf;
				ENABLE_STRICT_OBJC_MSGSEND = YES;
				ENABLE_TESTABILITY = YES;
				GCC_C_LANGUAGE_STANDARD = gnu11;
				GCC_DYNAMIC_NO_PIC = NO;
				GCC_NO_COMMON_BLOCKS = YES;
				GCC_OPTIMIZATION_LEVEL = 0;
				GCC_PREPROCESSOR_DEFINITIONS = (
					"DEBUG=1",
					"$(inherited)",
				);
				GCC_WARN_64_TO_32_BIT_CONVERSION = YES;
				GCC_WARN_ABOUT_RETURN_TYPE = YES_ERROR;
				GCC_WARN_UNDECLARED_SELECTOR = YES;
				GCC_WARN_UNINITIALIZED_AUTOS = YES_AGGRESSIVE;
				GCC_WARN_UNUSED_FUNCTION = YES;
				GCC_WARN_UNUSED_VARIABLE = YES;
				MACOSX_DEPLOYMENT_TARGET = 10.13;
				MTL_ENABLE_DEBUG_INFO = YES;
				ONLY_ACTIVE_ARCH = YES;
				SDKROOT = macosx;
				SWIFT_ACTIVE_COMPILATION_CONDITIONS = DEBUG;
				SWIFT_OPTIMIZATION_LEVEL = "-Onone";
			};
			name = Debug;
		};
		DE48708A20FD6AAC00E48EE3 /* Release */ = {
			isa = XCBuildConfiguration;
			buildSettings = {
				ALWAYS_SEARCH_USER_PATHS = NO;
				CLANG_ANALYZER_NONNULL = YES;
				CLANG_ANALYZER_NUMBER_OBJECT_CONVERSION = YES_AGGRESSIVE;
				CLANG_CXX_LANGUAGE_STANDARD = "gnu++14";
				CLANG_CXX_LIBRARY = "libc++";
				CLANG_ENABLE_MODULES = YES;
				CLANG_ENABLE_OBJC_ARC = YES;
				CLANG_ENABLE_OBJC_WEAK = YES;
				CLANG_WARN_BLOCK_CAPTURE_AUTORELEASING = YES;
				CLANG_WARN_BOOL_CONVERSION = YES;
				CLANG_WARN_COMMA = YES;
				CLANG_WARN_CONSTANT_CONVERSION = YES;
				CLANG_WARN_DEPRECATED_OBJC_IMPLEMENTATIONS = YES;
				CLANG_WARN_DIRECT_OBJC_ISA_USAGE = YES_ERROR;
				CLANG_WARN_DOCUMENTATION_COMMENTS = YES;
				CLANG_WARN_EMPTY_BODY = YES;
				CLANG_WARN_ENUM_CONVERSION = YES;
				CLANG_WARN_INFINITE_RECURSION = YES;
				CLANG_WARN_INT_CONVERSION = YES;
				CLANG_WARN_NON_LITERAL_NULL_CONVERSION = YES;
				CLANG_WARN_OBJC_IMPLICIT_RETAIN_SELF = YES;
				CLANG_WARN_OBJC_LITERAL_CONVERSION = YES;
				CLANG_WARN_OBJC_ROOT_CLASS = YES_ERROR;
				CLANG_WARN_RANGE_LOOP_ANALYSIS = YES;
				CLANG_WARN_STRICT_PROTOTYPES = YES;
				CLANG_WARN_SUSPICIOUS_MOVE = YES;
				CLANG_WARN_UNGUARDED_AVAILABILITY = YES_AGGRESSIVE;
				CLANG_WARN_UNREACHABLE_CODE = YES;
				CLANG_WARN__DUPLICATE_METHOD_MATCH = YES;
				CODE_SIGN_IDENTITY = "Mac Developer";
				COPY_PHASE_STRIP = NO;
				DEBUG_INFORMATION_FORMAT = "dwarf-with-dsym";
				ENABLE_NS_ASSERTIONS = NO;
				ENABLE_STRICT_OBJC_MSGSEND = YES;
				GCC_C_LANGUAGE_STANDARD = gnu11;
				GCC_NO_COMMON_BLOCKS = YES;
				GCC_WARN_64_TO_32_BIT_CONVERSION = YES;
				GCC_WARN_ABOUT_RETURN_TYPE = YES_ERROR;
				GCC_WARN_UNDECLARED_SELECTOR = YES;
				GCC_WARN_UNINITIALIZED_AUTOS = YES_AGGRESSIVE;
				GCC_WARN_UNUSED_FUNCTION = YES;
				GCC_WARN_UNUSED_VARIABLE = YES;
				MACOSX_DEPLOYMENT_TARGET = 10.13;
				MTL_ENABLE_DEBUG_INFO = NO;
				SDKROOT = macosx;
				SWIFT_COMPILATION_MODE = wholemodule;
				SWIFT_OPTIMIZATION_LEVEL = "-O";
			};
			name = Release;
		};
		DE48708C20FD6AAC00E48EE3 /* Debug */ = {
			isa = XCBuildConfiguration;
			buildSettings = {
				ASSETCATALOG_COMPILER_APPICON_NAME = AppIcon;
				CODE_SIGN_ENTITLEMENTS = "Rule of Three/Rule_of_Three.entitlements";
				CODE_SIGN_STYLE = Automatic;
				COMBINE_HIDPI_IMAGES = YES;
				DEVELOPMENT_TEAM = 5WHWWFJXK9;
				INFOPLIST_FILE = "Rule of Three/Info.plist";
				LD_RUNPATH_SEARCH_PATHS = (
					"$(inherited)",
					"@executable_path/../Frameworks",
				);
				PRODUCT_BUNDLE_IDENTIFIER = "michel.Rule-of-Three";
				PRODUCT_NAME = "$(TARGET_NAME)";
				SWIFT_VERSION = 4.0;
			};
			name = Debug;
		};
		DE48708D20FD6AAC00E48EE3 /* Release */ = {
			isa = XCBuildConfiguration;
			buildSettings = {
				ASSETCATALOG_COMPILER_APPICON_NAME = AppIcon;
				CODE_SIGN_ENTITLEMENTS = "Rule of Three/Rule_of_Three.entitlements";
				CODE_SIGN_STYLE = Automatic;
				COMBINE_HIDPI_IMAGES = YES;
				DEVELOPMENT_TEAM = 5WHWWFJXK9;
				INFOPLIST_FILE = "Rule of Three/Info.plist";
				LD_RUNPATH_SEARCH_PATHS = (
					"$(inherited)",
					"@executable_path/../Frameworks",
				);
				PRODUCT_BUNDLE_IDENTIFIER = "michel.Rule-of-Three";
				PRODUCT_NAME = "$(TARGET_NAME)";
				SWIFT_VERSION = 4.0;
			};
			name = Release;
		};
/* End XCBuildConfiguration section */

/* Begin XCConfigurationList section */
		DE48707620FD6AAA00E48EE3 /* Build configuration list for PBXProject "Rule of Three" */ = {
			isa = XCConfigurationList;
			buildConfigurations = (
				DE48708920FD6AAC00E48EE3 /* Debug */,
				DE48708A20FD6AAC00E48EE3 /* Release */,
			);
			defaultConfigurationIsVisible = 0;
			defaultConfigurationName = Release;
		};
		DE48708B20FD6AAC00E48EE3 /* Build configuration list for PBXNativeTarget "Rule of Three" */ = {
			isa = XCConfigurationList;
			buildConfigurations = (
				DE48708C20FD6AAC00E48EE3 /* Debug */,
				DE48708D20FD6AAC00E48EE3 /* Release */,
			);
			defaultConfigurationIsVisible = 0;
			defaultConfigurationName = Release;
		};
/* End XCConfigurationList section */
	};
	rootObject = DE48707320FD6AAA00E48EE3 /* Project object */;
}
